
Microsoft Visual Studio Solution File, Format Version 12.00
# Visual Studio 2012
Project("{FAE04EC0-301F-11D3-BF4B-00C04F79EFBC}") = "Commerce.Core", "Commerce.Core\Commerce.Core.csproj", "{7CC8FA5C-272D-4CF1-9C84-6A8BCF5460EA}"
EndProject
Global
	GlobalSection(SolutionConfigurationPlatforms) = preSolution
		Debug|Any CPU = Debug|Any CPU
		Release|Any CPU = Release|Any CPU
	EndGlobalSection
	GlobalSection(ProjectConfigurationPlatforms) = postSolution
		{7CC8FA5C-272D-4CF1-9C84-6A8BCF5460EA}.Debug|Any CPU.ActiveCfg = Debug|Any CPU
		{7CC8FA5C-272D-4CF1-9C84-6A8BCF5460EA}.Debug|Any CPU.Build.0 = Debug|Any CPU
		{7CC8FA5C-272D-4CF1-9C84-6A8BCF5460EA}.Release|Any CPU.ActiveCfg = Release|Any CPU
		{7CC8FA5C-272D-4CF1-9C84-6A8BCF5460EA}.Release|Any CPU.Build.0 = Release|Any CPU
	EndGlobalSection
	GlobalSection(SolutionProperties) = preSolution
		HideSolutionNode = FALSE
	EndGlobalSection
EndGlobal
